<?xml version="1.0" encoding="utf-8"?>
<Project ToolsVersion="4.0" xmlns="http://schemas.microsoft.com/developer/msbuild/2003">
  <ItemGroup>
    <Filter Include="Form Files">
      <UniqueIdentifier>{99349809-55BA-4b9d-BF79-8FDBB0286EB3}</UniqueIdentifier>
      <Extensions>ui</Extensions>
      <ParseFiles>false</ParseFiles>
    </Filter>
    <Filter Include="Form Files">
      <UniqueIdentifier>{99349809-55BA-4b9d-BF79-8FDBB0286EB3}</UniqueIdentifier>
      <Extensions>ui</Extensions>
      <ParseFiles>false</ParseFiles>
    </Filter>
    <Filter Include="Generated Files">
      <UniqueIdentifier>{71ED8ED8-ACB9-4CE9-BBE1-E00B30144E11}</UniqueIdentifier>
      <Extensions>cpp;c;cxx;moc;h;def;odl;idl;res;</Extensions>
    </Filter>
    <Filter Include="Generated Files">
      <UniqueIdentifier>{71ED8ED8-ACB9-4CE9-BBE1-E00B30144E11}</UniqueIdentifier>
      <Extensions>cpp;c;cxx;moc;h;def;odl;idl;res;</Extensions>
    </Filter>
    <Filter Include="Havana3">
      <UniqueIdentifier>{e8c29353-da96-4da8-8bfb-77711cb6e7dc}</UniqueIdentifier>
    </Filter>
    <Filter Include="DeviceControl">
      <UniqueIdentifier>{93995380-89BD-4b04-88EB-625FBE52EBFB}</UniqueIdentifier>
      <Extensions>h;hpp;hxx;hm;inl;inc;xsd</Extensions>
    </Filter>
    <Filter Include="DataAcquisition">
      <UniqueIdentifier>{4FC737F1-C7A5-4376-A066-2A32D752A2FF}</UniqueIdentifier>
      <Extensions>cpp;c;cxx;def;odl;idl;hpj;bat;asm;asmx</Extensions>
    </Filter>
    <Filter Include="MemoryBuffer">
      <UniqueIdentifier>{65e12118-c519-49d3-9356-78ce446734e2}</UniqueIdentifier>
    </Filter>
    <Filter Include="DataAcquisition\SignatecDAQ">
      <UniqueIdentifier>{7fa7a124-1c3f-4996-8941-57576ab3b456}</UniqueIdentifier>
    </Filter>
    <Filter Include="DataAcquisition\FLImProcess">
      <UniqueIdentifier>{8f776ba8-250d-4353-998a-ec817feec27c}</UniqueIdentifier>
    </Filter>
    <Filter Include="Havana3\Viewer">
      <UniqueIdentifier>{d2508fa4-2b2c-45e5-800f-c4d34bb6397c}</UniqueIdentifier>
    </Filter>
    <Filter Include="Havana3\Dialog">
      <UniqueIdentifier>{47343270-120d-41da-9fa5-7f259087f388}</UniqueIdentifier>
    </Filter>
    <Filter Include="DeviceControl\AxsunControl">
      <UniqueIdentifier>{7494fa72-254f-4b00-a350-44fc3ff49ecb}</UniqueIdentifier>
    </Filter>
    <Filter Include="DeviceControl\ElforlightLaser">
      <UniqueIdentifier>{f65a95a2-a8a6-4e64-b71e-27bded2edadf}</UniqueIdentifier>
    </Filter>
    <Filter Include="DeviceControl\FaulhaberMotor">
      <UniqueIdentifier>{96f1ce77-2e75-4f24-9c13-e6dcf3e056fc}</UniqueIdentifier>
    </Filter>
    <Filter Include="DataAcquisition\AxsunCapture">
      <UniqueIdentifier>{8ae13581-64a5-4544-ae37-6ca4ee2e06ed}</UniqueIdentifier>
    </Filter>
    <Filter Include="DeviceControl\FreqDivider">
      <UniqueIdentifier>{ac423d03-ac45-46c1-964a-79cf6e5c9581}</UniqueIdentifier>
    </Filter>
    <Filter Include="DeviceControl\PmtGainControl">
      <UniqueIdentifier>{49635317-c897-4bf3-86a9-cf0ab1908e63}</UniqueIdentifier>
    </Filter>
  </ItemGroup>
  <ItemGroup>
    <ClCompile Include="DataAcquisition\DataAcquisition.cpp">
      <Filter>DataAcquisition</Filter>
    </ClCompile>
    <ClCompile Include="DataAcquisition\ThreadManager.cpp">
      <Filter>DataAcquisition</Filter>
    </ClCompile>
    <ClCompile Include="Havana3\QResultTab.cpp">
      <Filter>Havana3</Filter>
    </ClCompile>
    <ClCompile Include="Havana3\QStreamTab.cpp">
      <Filter>Havana3</Filter>
    </ClCompile>
    <ClCompile Include="Havana3\Havana3.cpp">
      <Filter>Havana3</Filter>
    </ClCompile>
    <ClCompile Include="Havana3\MainWindow.cpp">
      <Filter>Havana3</Filter>
    </ClCompile>
    <ClCompile Include="MemoryBuffer\MemoryBuffer.cpp">
      <Filter>MemoryBuffer</Filter>
    </ClCompile>
    <ClCompile Include="DataAcquisition\SignatecDAQ\SignatecDAQ.cpp">
      <Filter>DataAcquisition\SignatecDAQ</Filter>
    </ClCompile>
    <ClCompile Include="DataAcquisition\FLImProcess\FLImProcess.cpp">
      <Filter>DataAcquisition\FLImProcess</Filter>
    </ClCompile>
    <ClCompile Include="Havana3\Viewer\QScope.cpp">
      <Filter>Havana3\Viewer</Filter>
    </ClCompile>
    <ClCompile Include="Havana3\Viewer\QImageView.cpp">
      <Filter>Havana3\Viewer</Filter>
    </ClCompile>
    <ClCompile Include="DeviceControl\ElforlightLaser\ElforlightLaser.cpp">
      <Filter>DeviceControl\ElforlightLaser</Filter>
    </ClCompile>
    <ClCompile Include="DeviceControl\FaulhaberMotor\FaulhaberMotor.cpp">
      <Filter>DeviceControl\FaulhaberMotor</Filter>
    </ClCompile>
    <ClCompile Include="DeviceControl\AxsunControl\AxsunControl.cpp">
      <Filter>DeviceControl\AxsunControl</Filter>
    </ClCompile>
    <ClCompile Include="DataAcquisition\AxsunCapture\AxsunCapture.cpp">
      <Filter>DataAcquisition\AxsunCapture</Filter>
    </ClCompile>
    <ClCompile Include="DeviceControl\FreqDivider\FreqDivider.cpp">
      <Filter>DeviceControl\FreqDivider</Filter>
    </ClCompile>
    <ClCompile Include="DeviceControl\PmtGainControl\PmtGainControl.cpp">
      <Filter>DeviceControl\PmtGainControl</Filter>
    </ClCompile>
    <ClCompile Include="DeviceControl\FaulhaberMotor\PullbackMotor.cpp">
      <Filter>DeviceControl\FaulhaberMotor</Filter>
    </ClCompile>
    <ClCompile Include="DeviceControl\FaulhaberMotor\RotaryMotor.cpp">
      <Filter>DeviceControl\FaulhaberMotor</Filter>
    </ClCompile>
    <ClCompile Include="Havana3\Dialog\AddPatientDlg.cpp">
      <Filter>Havana3\Dialog</Filter>
    </ClCompile>
    <ClCompile Include="Havana3\Dialog\ViewOptionTab.cpp">
      <Filter>Havana3\Dialog</Filter>
    </ClCompile>
    <ClCompile Include="Havana3\Dialog\SettingDlg.cpp">
      <Filter>Havana3\Dialog</Filter>
    </ClCompile>
    <ClCompile Include="Havana3\QHomeTab.cpp">
      <Filter>Havana3</Filter>
    </ClCompile>
    <ClCompile Include="Havana3\QPatientSelectionTab.cpp">
      <Filter>Havana3</Filter>
    </ClCompile>
    <ClCompile Include="Havana3\QPatientSummaryTab.cpp">
      <Filter>Havana3</Filter>
    </ClCompile>
    <ClCompile Include="Havana3\QViewTab.cpp">
      <Filter>Havana3</Filter>
    </ClCompile>
    <ClCompile Include="Havana3\HvnSqlDataBase.cpp">
      <Filter>Havana3</Filter>
    </ClCompile>
    <ClCompile Include="Havana3\Dialog\PulseReviewTab.cpp">
      <Filter>Havana3\Dialog</Filter>
    </ClCompile>
    <ClCompile Include="Havana3\Dialog\FlimCalibTab.cpp">
      <Filter>Havana3\Dialog</Filter>
    </ClCompile>
    <ClCompile Include="Havana3\Dialog\DeviceOptionTab.cpp">
      <Filter>Havana3\Dialog</Filter>
    </ClCompile>
    <ClCompile Include="DeviceControl\DeviceControl.cpp">
      <Filter>DeviceControl</Filter>
    </ClCompile>
    <ClCompile Include="DataAcquisition\DataProcessing.cpp">
      <Filter>DataAcquisition</Filter>
    </ClCompile>
  </ItemGroup>
  <ItemGroup>
    <QtMoc Include="DeviceControl\QSerialComm.h">
      <Filter>DeviceControl</Filter>
    </QtMoc>
    <ClInclude Include="Havana3\Configuration.h">
      <Filter>Havana3</Filter>
    </ClInclude>
    <ClInclude Include="DataAcquisition\ThreadManager.h">
      <Filter>DataAcquisition</Filter>
    </ClInclude>
    <ClInclude Include="DataAcquisition\SignatecDAQ\SignatecDAQ.h">
      <Filter>DataAcquisition\SignatecDAQ</Filter>
    </ClInclude>
    <ClInclude Include="DataAcquisition\FLImProcess\FLImProcess.h">
      <Filter>DataAcquisition\FLImProcess</Filter>
    </ClInclude>
    <ClInclude Include="DeviceControl\ElforlightLaser\ElforlightLaser.h">
      <Filter>DeviceControl\ElforlightLaser</Filter>
    </ClInclude>
    <QtMoc Include="Havana3\Dialog\AddPatientDlg.h">
      <Filter>Havana3\Dialog</Filter>
    </QtMoc>
    <QtMoc Include="Havana3\Dialog\ViewOptionTab.h">
      <Filter>Havana3\Dialog</Filter>
    </QtMoc>
    <QtMoc Include="Havana3\Dialog\SettingDlg.h">
      <Filter>Havana3\Dialog</Filter>
    </QtMoc>
    <QtMoc Include="Havana3\QHomeTab.h">
      <Filter>Havana3</Filter>
    </QtMoc>
    <QtMoc Include="Havana3\QViewTab.h">
      <Filter>Havana3</Filter>
    </QtMoc>
    <QtMoc Include="Havana3\QPatientSelectionTab.h">
      <Filter>Havana3</Filter>
    </QtMoc>
    <QtMoc Include="Havana3\QPatientSummaryTab.h">
      <Filter>Havana3</Filter>
    </QtMoc>
    <QtMoc Include="Havana3\HvnSqlDataBase.h">
      <Filter>Havana3</Filter>
    </QtMoc>
    <QtMoc Include="Havana3\Dialog\PulseReviewTab.h">
      <Filter>Havana3\Dialog</Filter>
    </QtMoc>
    <QtMoc Include="Havana3\Dialog\FlimCalibTab.h">
      <Filter>Havana3\Dialog</Filter>
    </QtMoc>
    <QtMoc Include="Havana3\Dialog\DeviceOptionTab.h">
      <Filter>Havana3\Dialog</Filter>
    </QtMoc>
    <QtMoc Include="DeviceControl\DeviceControl.h">
      <Filter>DeviceControl</Filter>
    </QtMoc>
    <QtMoc Include="DataAcquisition\DataProcessing.h">
      <Filter>DataAcquisition</Filter>
    </QtMoc>
  </ItemGroup>
  <ItemGroup>
    <CustomBuild Include="debug\moc_predefs.h.cbt">
      <Filter>Generated Files</Filter>
    </CustomBuild>
    <CustomBuild Include="release\moc_predefs.h.cbt">
      <Filter>Generated Files</Filter>
    </CustomBuild>
  </ItemGroup>
  <ItemGroup>
    <QtUic Include="Havana3\MainWindow.ui">
      <Filter>Form Files</Filter>
    </QtUic>
  </ItemGroup>
  <ItemGroup>
    <ResourceCompile Include="Havana3.rc" />
  </ItemGroup>
  <ItemGroup>
    <QtMoc Include="Havana3\QResultTab.h">
      <Filter>Havana3</Filter>
    </QtMoc>
    <QtMoc Include="Havana3\QStreamTab.h">
      <Filter>Havana3</Filter>
    </QtMoc>
    <QtMoc Include="DataAcquisition\DataAcquisition.h">
      <Filter>DataAcquisition</Filter>
    </QtMoc>
    <QtMoc Include="Havana3\MainWindow.h">
      <Filter>Havana3</Filter>
    </QtMoc>
    <QtMoc Include="MemoryBuffer\MemoryBuffer.h">
      <Filter>MemoryBuffer</Filter>
    </QtMoc>
    <QtMoc Include="Havana3\Viewer\QScope.h">
      <Filter>Havana3\Viewer</Filter>
    </QtMoc>
    <QtMoc Include="Havana3\Viewer\QImageView.h">
      <Filter>Havana3\Viewer</Filter>
    </QtMoc>
  </ItemGroup>
  <ItemGroup>
    <ClInclude Include="DeviceControl\FaulhaberMotor\FaulhaberMotor.h">
      <Filter>DeviceControl\FaulhaberMotor</Filter>
    </ClInclude>
    <ClInclude Include="DeviceControl\AxsunControl\AxsunControl.h">
      <Filter>DeviceControl\AxsunControl</Filter>
    </ClInclude>
    <ClInclude Include="DataAcquisition\AxsunCapture\AxsunCapture.h">
      <Filter>DataAcquisition\AxsunCapture</Filter>
    </ClInclude>
    <ClInclude Include="DeviceControl\FreqDivider\FreqDivider.h">
      <Filter>DeviceControl\FreqDivider</Filter>
    </ClInclude>
    <ClInclude Include="DeviceControl\PmtGainControl\PmtGainControl.h">
      <Filter>DeviceControl\PmtGainControl</Filter>
    </ClInclude>
    <ClInclude Include="DeviceControl\FaulhaberMotor\PullbackMotor.h">
      <Filter>DeviceControl\FaulhaberMotor</Filter>
    </ClInclude>
    <ClInclude Include="DeviceControl\FaulhaberMotor\RotaryMotor.h">
      <Filter>DeviceControl\FaulhaberMotor</Filter>
    </ClInclude>
  </ItemGroup>
</Project>